// !$*UTF8*$!
{
	archiveVersion = 1;
	classes = {
	};
	objectVersion = 46;
	objects = {

/* Begin PBXBuildFile section */
		AF2F4FB71E87B05A004332AD /* AppDelegate.swift in Sources */ = {isa = PBXBuildFile; fileRef = AF2F4FB61E87B05A004332AD /* AppDelegate.swift */; };
		AF2F4FB91E87B05A004332AD /* StocksAndCurrencyViewController.swift in Sources */ = {isa = PBXBuildFile; fileRef = AF2F4FB81E87B05A004332AD /* StocksAndCurrencyViewController.swift */; };
		AF2F4FBC1E87B05A004332AD /* Main.storyboard in Resources */ = {isa = PBXBuildFile; fileRef = AF2F4FBA1E87B05A004332AD /* Main.storyboard */; };
		AF2F4FBE1E87B05A004332AD /* Assets.xcassets in Resources */ = {isa = PBXBuildFile; fileRef = AF2F4FBD1E87B05A004332AD /* Assets.xcassets */; };
		AF2F4FC11E87B05A004332AD /* LaunchScreen.storyboard in Resources */ = {isa = PBXBuildFile; fileRef = AF2F4FBF1E87B05A004332AD /* LaunchScreen.storyboard */; };
		AF2F4FC91E87D72F004332AD /* StocksAndCurrencySingleton.swift in Sources */ = {isa = PBXBuildFile; fileRef = AF2F4FC81E87D72F004332AD /* StocksAndCurrencySingleton.swift */; };
/* End PBXBuildFile section */

/* Begin PBXFileReference section */
		AF2F4FB31E87B05A004332AD /* WatchApp.app */ = {isa = PBXFileReference; explicitFileType = wrapper.application; includeInIndex = 0; path = WatchApp.app; sourceTree = BUILT_PRODUCTS_DIR; };
		AF2F4FB61E87B05A004332AD /* AppDelegate.swift */ = {isa = PBXFileReference; lastKnownFileType = sourcecode.swift; path = AppDelegate.swift; sourceTree = "<group>"; };
		AF2F4FB81E87B05A004332AD /* StocksAndCurrencyViewController.swift */ = {isa = PBXFileReference; lastKnownFileType = sourcecode.swift; path = StocksAndCurrencyViewController.swift; sourceTree = "<group>"; };
		AF2F4FBB1E87B05A004332AD /* Base */ = {isa = PBXFileReference; lastKnownFileType = file.storyboard; name = Base; path = Base.lproj/Main.storyboard; sourceTree = "<group>"; };
		AF2F4FBD1E87B05A004332AD /* Assets.xcassets */ = {isa = PBXFileReference; lastKnownFileType = folder.assetcatalog; path = Assets.xcassets; sourceTree = "<group>"; };
		AF2F4FC01E87B05A004332AD /* Base */ = {isa = PBXFileReference; lastKnownFileType = file.storyboard; name = Base; path = Base.lproj/LaunchScreen.storyboard; sourceTree = "<group>"; };
		AF2F4FC21E87B05A004332AD /* Info.plist */ = {isa = PBXFileReference; lastKnownFileType = text.plist.xml; path = Info.plist; sourceTree = "<group>"; };
		AF2F4FC81E87D72F004332AD /* StocksAndCurrencySingleton.swift */ = {isa = PBXFileReference; fileEncoding = 4; lastKnownFileType = sourcecode.swift; path = StocksAndCurrencySingleton.swift; sourceTree = "<group>"; };
/* End PBXFileReference section */

/* Begin PBXFrameworksBuildPhase section */
		AF2F4FB01E87B059004332AD /* Frameworks */ = {
			isa = PBXFrameworksBuildPhase;
			buildActionMask = 2147483647;
			files = (
			);
			runOnlyForDeploymentPostprocessing = 0;
		};
/* End PBXFrameworksBuildPhase section */

/* Begin PBXGroup section */
		AF2F4FAA1E87B059004332AD = {
			isa = PBXGroup;
			children = (
				AF2F4FB51E87B05A004332AD /* WatchApp */,
				AF2F4FB41E87B05A004332AD /* Products */,
			);
			sourceTree = "<group>";
		};
		AF2F4FB41E87B05A004332AD /* Products */ = {
			isa = PBXGroup;
			children = (
				AF2F4FB31E87B05A004332AD /* WatchApp.app */,
			);
			name = Products;
			sourceTree = "<group>";
		};
		AF2F4FB51E87B05A004332AD /* WatchApp */ = {
			isa = PBXGroup;
			children = (
				AF2F4FB61E87B05A004332AD /* AppDelegate.swift */,
				AF2F4FB81E87B05A004332AD /* StocksAndCurrencyViewController.swift */,
				AF2F4FBA1E87B05A004332AD /* Main.storyboard */,
				AF2F4FBD1E87B05A004332AD /* Assets.xcassets */,
				AF2F4FBF1E87B05A004332AD /* LaunchScreen.storyboard */,
				AF2F4FC21E87B05A004332AD /* Info.plist */,
				AF2F4FC81E87D72F004332AD /* StocksAndCurrencySingleton.swift */,
			);
			path = WatchApp;
			sourceTree = "<group>";
		};
/* End PBXGroup section */

/* Begin PBXNativeTarget section */
		AF2F4FB21E87B059004332AD /* WatchApp */ = {
			isa = PBXNativeTarget;
			buildConfigurationList = AF2F4FC51E87B05A004332AD /* Build configuration list for PBXNativeTarget "WatchApp" */;
			buildPhases = (
				AF2F4FAF1E87B059004332AD /* Sources */,
				AF2F4FB01E87B059004332AD /* Frameworks */,
				AF2F4FB11E87B059004332AD /* Resources */,
			);
			buildRules = (
			);
			dependencies = (
			);
			name = WatchApp;
			productName = WatchApp;
			productReference = AF2F4FB31E87B05A004332AD /* WatchApp.app */;
			productType = "com.apple.product-type.application";
		};
/* End PBXNativeTarget section */

/* Begin PBXProject section */
		AF2F4FAB1E87B059004332AD /* Project object */ = {
			isa = PBXProject;
			attributes = {
				LastSwiftUpdateCheck = 0820;
				LastUpgradeCheck = 0820;
				ORGANIZATIONNAME = "Joseph Nicholas R. Alcantara";
				TargetAttributes = {
					AF2F4FB21E87B059004332AD = {
						CreatedOnToolsVersion = 8.2.1;
						DevelopmentTeam = P2WZ3SNT59;
						ProvisioningStyle = Automatic;
					};
				};
			};
			buildConfigurationList = AF2F4FAE1E87B059004332AD /* Build configuration list for PBXProject "WatchApp" */;
			compatibilityVersion = "Xcode 3.2";
			developmentRegion = English;
			hasScannedForEncodings = 0;
			knownRegions = (
				en,
				Base,
			);
			mainGroup = AF2F4FAA1E87B059004332AD;
			productRefGroup = AF2F4FB41E87B05A004332AD /* Products */;
			projectDirPath = "";
			projectRoot = "";
			targets = (
				AF2F4FB21E87B059004332AD /* WatchApp */,
			);
		};
/* End PBXProject section */

/* Begin PBXResourcesBuildPhase section */
		AF2F4FB11E87B059004332AD /* Resources */ = {
			isa = PBXResourcesBuildPhase;
			buildActionMask = 2147483647;
			files = (
				AF2F4FC11E87B05A004332AD /* LaunchScreen.storyboard in Resources */,
				AF2F4FBE1E87B05A004332AD /* Assets.xcassets in Resources */,
				AF2F4FBC1E87B05A004332AD /* Main.storyboard in Resources */,
			);
			runOnlyForDeploymentPostprocessing = 0;
		};
/* End PBXResourcesBuildPhase section */

/* Begin PBXSourcesBuildPhase section */
		AF2F4FAF1E87B059004332AD /* Sources */ = {
			isa = PBXSourcesBuildPhase;
			buildActionMask = 2147483647;
			files = (
				AF2F4FB91E87B05A004332AD /* StocksAndCurrencyViewController.swift in Sources */,
				AF2F4FC91E87D72F004332AD /* StocksAndCurrencySingleton.swift in Sources */,
				AF2F4FB71E87B05A004332AD /* AppDelegate.swift in Sources */,
			);
			runOnlyForDeploymentPostprocessing = 0;
		};
/* End PBXSourcesBuildPhase section */

/* Begin PBXVariantGroup section */
		AF2F4FBA1E87B05A004332AD /* Main.storyboard */ = {
			isa = PBXVariantGroup;
			children = (
				AF2F4FBB1E87B05A004332AD /* Base */,
			);
			name = Main.storyboard;
			sourceTree = "<group>";
		};
		AF2F4FBF1E87B05A004332AD /* LaunchScreen.storyboard */ = {
			isa = PBXVariantGroup;
			children = (
				AF2F4FC01E87B05A004332AD /* Base */,
			);
			name = LaunchScreen.storyboard;
			sourceTree = "<group>";
		};
/* End PBXVariantGroup section */

/* Begin XCBuildConfiguration section */
		AF2F4FC31E87B05A004332AD /* Debug */ = {
			isa = XCBuildConfiguration;
			buildSettings = {
				ALWAYS_SEARCH_USER_PATHS = NO;
				CLANG_ANALYZER_NONNULL = YES;
				CLANG_CXX_LANGUAGE_STANDARD = "gnu++0x";
				CLANG_CXX_LIBRARY = "libc++";
				CLANG_ENABLE_MODULES = YES;
				CLANG_ENABLE_OBJC_ARC = YES;
				CLANG_WARN_BOOL_CONVERSION = YES;
				CLANG_WARN_CONSTANT_CONVERSION = YES;
				CLANG_WARN_DIRECT_OBJC_ISA_USAGE = YES_ERROR;
				CLANG_WARN_DOCUMENTATION_COMMENTS = YES;
				CLANG_WARN_EMPTY_BODY = YES;
				CLANG_WARN_ENUM_CONVERSION = YES;
				CLANG_WARN_INFINITE_RECURSION = YES;
				CLANG_WARN_INT_CONVERSION = YES;
				CLANG_WARN_OBJC_ROOT_CLASS = YES_ERROR;
				CLANG_WARN_SUSPICIOUS_MOVE = YES;
				CLANG_WARN_UNREACHABLE_CODE = YES;
				CLANG_WARN__DUPLICATE_METHOD_MATCH = YES;
				"CODE_SIGN_IDENTITY[sdk=iphoneos*]" = "iPhone Developer";
				COPY_PHASE_STRIP = NO;
				DEBUG_INFORMATION_FORMAT = dwarf;
				ENABLE_STRICT_OBJC_MSGSEND = YES;
				ENABLE_TESTABILITY = YES;
				GCC_C_LANGUAGE_STANDARD = gnu99;
				GCC_DYNAMIC_NO_PIC = NO;
				GCC_NO_COMMON_BLOCKS = YES;
				GCC_OPTIMIZATION_LEVEL = 0;
				GCC_PREPROCESSOR_DEFINITIONS = (
					"DEBUG=1",
					"$(inherited)",
				);
				GCC_WARN_64_TO_32_BIT_CONVERSION = YES;
				GCC_WARN_ABOUT_RETURN_TYPE = YES_ERROR;
				GCC_WARN_UNDECLARED_SELECTOR = YES;
				GCC_WARN_UNINITIALIZED_AUTOS = YES_AGGRESSIVE;
				GCC_WARN_UNUSED_FUNCTION = YES;
				GCC_WARN_UNUSED_VARIABLE = YES;
				IPHONEOS_DEPLOYMENT_TARGET = 10.2;
				MTL_ENABLE_DEBUG_INFO = YES;
				ONLY_ACTIVE_ARCH = YES;
				SDKROOT = iphoneos;
				SWIFT_ACTIVE_COMPILATION_CONDITIONS = DEBUG;
				SWIFT_OPTIMIZATION_LEVEL = "-Onone";
			};
			name = Debug;
		};
		AF2F4FC41E87B05A004332AD /* Release */ = {
			isa = XCBuildConfiguration;
			buildSettings = {
				ALWAYS_SEARCH_USER_PATHS = NO;
				CLANG_ANALYZER_NONNULL = YES;
				CLANG_CXX_LANGUAGE_STANDARD = "gnu++0x";
				CLANG_CXX_LIBRARY = "libc++";
				CLANG_ENABLE_MODULES = YES;
				CLANG_ENABLE_OBJC_ARC = YES;
				CLANG_WARN_BOOL_CONVERSION = YES;
				CLANG_WARN_CONSTANT_CONVERSION = YES;
				CLANG_WARN_DIRECT_OBJC_ISA_USAGE = YES_ERROR;
				CLANG_WARN_DOCUMENTATION_COMMENTS = YES;
				CLANG_WARN_EMPTY_BODY = YES;
				CLANG_WARN_ENUM_CONVERSION = YES;
				CLANG_WARN_INFINITE_RECURSION = YES;
				CLANG_WARN_INT_CONVERSION = YES;
				CLANG_WARN_OBJC_ROOT_CLASS = YES_ERROR;
				CLANG_WARN_SUSPICIOUS_MOVE = YES;
				CLANG_WARN_UNREACHABLE_CODE = YES;
				CLANG_WARN__DUPLICATE_METHOD_MATCH = YES;
				"CODE_SIGN_IDENTITY[sdk=iphoneos*]" = "iPhone Developer";
				COPY_PHASE_STRIP = NO;
				DEBUG_INFORMATION_FORMAT = "dwarf-with-dsym";
				ENABLE_NS_ASSERTIONS = NO;
				ENABLE_STRICT_OBJC_MSGSEND = YES;
				GCC_C_LANGUAGE_STANDARD = gnu99;
				GCC_NO_COMMON_BLOCKS = YES;
				GCC_WARN_64_TO_32_BIT_CONVERSION = YES;
				GCC_WARN_ABOUT_RETURN_TYPE = YES_ERROR;
				GCC_WARN_UNDECLARED_SELECTOR = YES;
				GCC_WARN_UNINITIALIZED_AUTOS = YES_AGGRESSIVE;
				GCC_WARN_UNUSED_FUNCTION = YES;
				GCC_WARN_UNUSED_VARIABLE = YES;
				IPHONEOS_DEPLOYMENT_TARGET = 10.2;
				MTL_ENABLE_DEBUG_INFO = NO;
				SDKROOT = iphoneos;
				SWIFT_OPTIMIZATION_LEVEL = "-Owholemodule";
				VALIDATE_PRODUCT = YES;
			};
			name = Release;
		};
		AF2F4FC61E87B05A004332AD /* Debug */ = {
			isa = XCBuildConfiguration;
			buildSettings = {
				ASSETCATALOG_COMPILER_APPICON_NAME = AppIcon;
				DEVELOPMENT_TEAM = P2WZ3SNT59;
				INFOPLIST_FILE = WatchApp/Info.plist;
				IPHONEOS_DEPLOYMENT_TARGET = 9.3;
				LD_RUNPATH_SEARCH_PATHS = "$(inherited) @executable_path/Frameworks";
				PRODUCT_BUNDLE_IDENTIFIER = com.kgtruevision.josephNicholas.WatchApp;
				PRODUCT_NAME = "$(TARGET_NAME)";
				SWIFT_VERSION = 3.0;
			};
			name = Debug;
		};
		AF2F4FC71E87B05A004332AD /* Release */ = {
			isa = XCBuildConfiguration;
			buildSettings = {
				ASSETCATALOG_COMPILER_APPICON_NAME = AppIcon;
				DEVELOPMENT_TEAM = P2WZ3SNT59;
				INFOPLIST_FILE = WatchApp/Info.plist;
				IPHONEOS_DEPLOYMENT_TARGET = 9.3;
				LD_RUNPATH_SEARCH_PATHS = "$(inherited) @executable_path/Frameworks";
				PRODUCT_BUNDLE_IDENTIFIER = com.kgtruevision.josephNicholas.WatchApp;
				PRODUCT_NAME = "$(TARGET_NAME)";
				SWIFT_VERSION = 3.0;
			};
			name = Release;
		};
/* End XCBuildConfiguration section */

/* Begin XCConfigurationList section */
		AF2F4FAE1E87B059004332AD /* Build configuration list for PBXProject "WatchApp" */ = {
			isa = XCConfigurationList;
			buildConfigurations = (
				AF2F4FC31E87B05A004332AD /* Debug */,
				AF2F4FC41E87B05A004332AD /* Release */,
			);
			defaultConfigurationIsVisible = 0;
			defaultConfigurationName = Release;
		};
		AF2F4FC51E87B05A004332AD /* Build configuration list for PBXNativeTarget "WatchApp" */ = {
			isa = XCConfigurationList;
			buildConfigurations = (
				AF2F4FC61E87B05A004332AD /* Debug */,
				AF2F4FC71E87B05A004332AD /* Release */,
			);
			defaultConfigurationIsVisible = 0;
			defaultConfigurationName = Release;
		};
/* End XCConfigurationList section */
	};
	rootObject = AF2F4FAB1E87B059004332AD /* Project object */;
}
